
Microsoft Visual Studio Solution File, Format Version 12.00
# Visual Studio 2012
Project("{FAE04EC0-301F-11D3-BF4B-00C04F79EFBC}") = "Tobania.Xam.Tobit", "Tobania.Xam.Tobit\Tobania.Xam.Tobit.csproj", "{E690513F-46FD-46F6-859E-635E3F7B589D}"
EndProject
Project("{FAE04EC0-301F-11D3-BF4B-00C04F79EFBC}") = "Tobania.Xam.Tobit.iOS", "Tobania.Xam.Tobit.iOS\Tobania.Xam.Tobit.iOS.csproj", "{1773C2B6-6D86-49C5-A539-4CDBE9AE08A1}"
EndProject
Project("{FAE04EC0-301F-11D3-BF4B-00C04F79EFBC}") = "Tobania.Xam.Tobit.Droid", "Tobania.Xam.Tobit.Droid\Tobania.Xam.Tobit.Droid.csproj", "{B5BF03F8-ABD6-4C36-B884-7DAB1F23AABA}"
EndProject
Project("{2150E333-8FDC-42A3-9474-1A3956D46DE8}") = "Shared", "Shared", "{2D740ECE-E907-494D-A238-2FEA136F0609}"
EndProject
Project("{2150E333-8FDC-42A3-9474-1A3956D46DE8}") = "Targets", "Targets", "{1EFBCC51-C972-4867-9692-D531921E1F84}"
EndProject
Project("{FAE04EC0-301F-11D3-BF4B-00C04F79EFBC}") = "Tobania.Xam.Tobit.UI", "Tobania.Xam.Tobit.UI\Tobania.Xam.Tobit.UI.csproj", "{10AA5641-8F80-4E45-B5CF-4A4E3B7B2037}"
EndProject
Global
	GlobalSection(SolutionConfigurationPlatforms) = preSolution
		Debug|Any CPU = Debug|Any CPU
		Release|Any CPU = Release|Any CPU
		Debug|iPhoneSimulator = Debug|iPhoneSimulator
		Release|iPhone = Release|iPhone
		Release|iPhoneSimulator = Release|iPhoneSimulator
		Debug|iPhone = Debug|iPhone
	EndGlobalSection
	GlobalSection(ProjectConfigurationPlatforms) = postSolution
		{E690513F-46FD-46F6-859E-635E3F7B589D}.Debug|Any CPU.ActiveCfg = Debug|Any CPU
		{E690513F-46FD-46F6-859E-635E3F7B589D}.Debug|Any CPU.Build.0 = Debug|Any CPU
		{E690513F-46FD-46F6-859E-635E3F7B589D}.Release|Any CPU.ActiveCfg = Release|Any CPU
		{E690513F-46FD-46F6-859E-635E3F7B589D}.Release|Any CPU.Build.0 = Release|Any CPU
		{E690513F-46FD-46F6-859E-635E3F7B589D}.Debug|iPhoneSimulator.ActiveCfg = Debug|Any CPU
		{E690513F-46FD-46F6-859E-635E3F7B589D}.Debug|iPhoneSimulator.Build.0 = Debug|Any CPU
		{E690513F-46FD-46F6-859E-635E3F7B589D}.Release|iPhone.ActiveCfg = Release|Any CPU
		{E690513F-46FD-46F6-859E-635E3F7B589D}.Release|iPhone.Build.0 = Release|Any CPU
		{E690513F-46FD-46F6-859E-635E3F7B589D}.Release|iPhoneSimulator.ActiveCfg = Release|Any CPU
		{E690513F-46FD-46F6-859E-635E3F7B589D}.Release|iPhoneSimulator.Build.0 = Release|Any CPU
		{E690513F-46FD-46F6-859E-635E3F7B589D}.Debug|iPhone.ActiveCfg = Debug|Any CPU
		{E690513F-46FD-46F6-859E-635E3F7B589D}.Debug|iPhone.Build.0 = Debug|Any CPU
		{1773C2B6-6D86-49C5-A539-4CDBE9AE08A1}.Debug|Any CPU.ActiveCfg = Debug|iPhoneSimulator
		{1773C2B6-6D86-49C5-A539-4CDBE9AE08A1}.Debug|Any CPU.Build.0 = Debug|iPhoneSimulator
		{1773C2B6-6D86-49C5-A539-4CDBE9AE08A1}.Release|Any CPU.ActiveCfg = Release|iPhone
		{1773C2B6-6D86-49C5-A539-4CDBE9AE08A1}.Release|Any CPU.Build.0 = Release|iPhone
		{1773C2B6-6D86-49C5-A539-4CDBE9AE08A1}.Debug|iPhoneSimulator.ActiveCfg = Debug|iPhoneSimulator
		{1773C2B6-6D86-49C5-A539-4CDBE9AE08A1}.Debug|iPhoneSimulator.Build.0 = Debug|iPhoneSimulator
		{1773C2B6-6D86-49C5-A539-4CDBE9AE08A1}.Release|iPhone.ActiveCfg = Release|iPhone
		{1773C2B6-6D86-49C5-A539-4CDBE9AE08A1}.Release|iPhone.Build.0 = Release|iPhone
		{1773C2B6-6D86-49C5-A539-4CDBE9AE08A1}.Release|iPhoneSimulator.ActiveCfg = Release|iPhoneSimulator
		{1773C2B6-6D86-49C5-A539-4CDBE9AE08A1}.Release|iPhoneSimulator.Build.0 = Release|iPhoneSimulator
		{1773C2B6-6D86-49C5-A539-4CDBE9AE08A1}.Debug|iPhone.ActiveCfg = Debug|iPhone
		{1773C2B6-6D86-49C5-A539-4CDBE9AE08A1}.Debug|iPhone.Build.0 = Debug|iPhone
		{B5BF03F8-ABD6-4C36-B884-7DAB1F23AABA}.Debug|Any CPU.ActiveCfg = Debug|Any CPU
		{B5BF03F8-ABD6-4C36-B884-7DAB1F23AABA}.Debug|Any CPU.Build.0 = Debug|Any CPU
		{B5BF03F8-ABD6-4C36-B884-7DAB1F23AABA}.Release|Any CPU.ActiveCfg = Release|Any CPU
		{B5BF03F8-ABD6-4C36-B884-7DAB1F23AABA}.Release|Any CPU.Build.0 = Release|Any CPU
		{B5BF03F8-ABD6-4C36-B884-7DAB1F23AABA}.Debug|iPhoneSimulator.ActiveCfg = Debug|Any CPU
		{B5BF03F8-ABD6-4C36-B884-7DAB1F23AABA}.Debug|iPhoneSimulator.Build.0 = Debug|Any CPU
		{B5BF03F8-ABD6-4C36-B884-7DAB1F23AABA}.Release|iPhone.ActiveCfg = Release|Any CPU
		{B5BF03F8-ABD6-4C36-B884-7DAB1F23AABA}.Release|iPhone.Build.0 = Release|Any CPU
		{B5BF03F8-ABD6-4C36-B884-7DAB1F23AABA}.Release|iPhoneSimulator.ActiveCfg = Release|Any CPU
		{B5BF03F8-ABD6-4C36-B884-7DAB1F23AABA}.Release|iPhoneSimulator.Build.0 = Release|Any CPU
		{B5BF03F8-ABD6-4C36-B884-7DAB1F23AABA}.Debug|iPhone.ActiveCfg = Debug|Any CPU
		{B5BF03F8-ABD6-4C36-B884-7DAB1F23AABA}.Debug|iPhone.Build.0 = Debug|Any CPU
		{10AA5641-8F80-4E45-B5CF-4A4E3B7B2037}.Debug|Any CPU.ActiveCfg = Debug|Any CPU
		{10AA5641-8F80-4E45-B5CF-4A4E3B7B2037}.Debug|Any CPU.Build.0 = Debug|Any CPU
		{10AA5641-8F80-4E45-B5CF-4A4E3B7B2037}.Release|Any CPU.ActiveCfg = Release|Any CPU
		{10AA5641-8F80-4E45-B5CF-4A4E3B7B2037}.Release|Any CPU.Build.0 = Release|Any CPU
		{10AA5641-8F80-4E45-B5CF-4A4E3B7B2037}.Debug|iPhoneSimulator.ActiveCfg = Debug|Any CPU
		{10AA5641-8F80-4E45-B5CF-4A4E3B7B2037}.Debug|iPhoneSimulator.Build.0 = Debug|Any CPU
		{10AA5641-8F80-4E45-B5CF-4A4E3B7B2037}.Release|iPhone.ActiveCfg = Release|Any CPU
		{10AA5641-8F80-4E45-B5CF-4A4E3B7B2037}.Release|iPhone.Build.0 = Release|Any CPU
		{10AA5641-8F80-4E45-B5CF-4A4E3B7B2037}.Release|iPhoneSimulator.ActiveCfg = Release|Any CPU
		{10AA5641-8F80-4E45-B5CF-4A4E3B7B2037}.Release|iPhoneSimulator.Build.0 = Release|Any CPU
		{10AA5641-8F80-4E45-B5CF-4A4E3B7B2037}.Debug|iPhone.ActiveCfg = Debug|Any CPU
		{10AA5641-8F80-4E45-B5CF-4A4E3B7B2037}.Debug|iPhone.Build.0 = Debug|Any CPU
	EndGlobalSection
	GlobalSection(NestedProjects) = preSolution
		{1773C2B6-6D86-49C5-A539-4CDBE9AE08A1} = {1EFBCC51-C972-4867-9692-D531921E1F84}
		{B5BF03F8-ABD6-4C36-B884-7DAB1F23AABA} = {1EFBCC51-C972-4867-9692-D531921E1F84}
		{E690513F-46FD-46F6-859E-635E3F7B589D} = {2D740ECE-E907-494D-A238-2FEA136F0609}
		{10AA5641-8F80-4E45-B5CF-4A4E3B7B2037} = {2D740ECE-E907-494D-A238-2FEA136F0609}
	EndGlobalSection
EndGlobal
